
Microsoft Visual Studio Solution File, Format Version 12.00
# Visual Studio Version 17
VisualStudioVersion = 17.9.34622.214
MinimumVisualStudioVersion = 10.0.40219.1
Project("{FAE04EC0-301F-11D3-BF4B-00C04F79EFBC}") = "Teste pesquisa palavras", "Teste pesquisa palavras.csproj", "{2FE800EE-9825-4FB6-8A93-2E74A4EFDD4B}"
EndProject
Global
	GlobalSection(SolutionConfigurationPlatforms) = preSolution
		Debug|Any CPU = Debug|Any CPU
		Release|Any CPU = Release|Any CPU
	EndGlobalSection
	GlobalSection(ProjectConfigurationPlatforms) = postSolution
		{2FE800EE-9825-4FB6-8A93-2E74A4EFDD4B}.Debug|Any CPU.ActiveCfg = Debug|Any CPU
		{2FE800EE-9825-4FB6-8A93-2E74A4EFDD4B}.Debug|Any CPU.Build.0 = Debug|Any CPU
		{2FE800EE-9825-4FB6-8A93-2E74A4EFDD4B}.Release|Any CPU.ActiveCfg = Release|Any CPU
		{2FE800EE-9825-4FB6-8A93-2E74A4EFDD4B}.Release|Any CPU.Build.0 = Release|Any CPU
	EndGlobalSection
	GlobalSection(SolutionProperties) = preSolution
		HideSolutionNode = FALSE
	EndGlobalSection
	GlobalSection(ExtensibilityGlobals) = postSolution
		SolutionGuid = {ACB3D297-DDE0-49D0-A9D8-D099A6946358}
	EndGlobalSection
EndGlobal
